
Microsoft Visual Studio Solution File, Format Version 12.00
# Visual Studio Version 17
VisualStudioVersion = 17.4.33213.308
MinimumVisualStudioVersion = 10.0.40219.1
Project("{FAE04EC0-301F-11D3-BF4B-00C04F79EFBC}") = "Restoran2", "Restoran2\Restoran2.csproj", "{0D6CD889-25AE-413B-9DBC-9B928EA9DC28}"
EndProject
Global
	GlobalSection(SolutionConfigurationPlatforms) = preSolution
		Debug|Any CPU = Debug|Any CPU
		Release|Any CPU = Release|Any CPU
	EndGlobalSection
	GlobalSection(ProjectConfigurationPlatforms) = postSolution
		{0D6CD889-25AE-413B-9DBC-9B928EA9DC28}.Debug|Any CPU.ActiveCfg = Debug|Any CPU
		{0D6CD889-25AE-413B-9DBC-9B928EA9DC28}.Debug|Any CPU.Build.0 = Debug|Any CPU
		{0D6CD889-25AE-413B-9DBC-9B928EA9DC28}.Release|Any CPU.ActiveCfg = Release|Any CPU
		{0D6CD889-25AE-413B-9DBC-9B928EA9DC28}.Release|Any CPU.Build.0 = Release|Any CPU
	EndGlobalSection
	GlobalSection(SolutionProperties) = preSolution
		HideSolutionNode = FALSE
	EndGlobalSection
	GlobalSection(ExtensibilityGlobals) = postSolution
		SolutionGuid = {0C711665-B7B8-4C82-AEC2-342E3923C6B0}
	EndGlobalSection
EndGlobal
